PODS:
  - device_info_plus (0.0.1):
    - Flutter
  - file_saver (0.0.1):
    - Flutter
  - Flutter (1.0.0)
  - flutter_image_compress_common (1.0.0):
    - Flutter
    - Mantle
    - SDWebImage
    - SDWebImageWebPCoder
  - flutter_local_notifications (0.0.1):
    - Flutter
  - flutter_quick_video_encoder (0.0.1):
    - Flutter
  - flutter_tts (0.0.1):
    - Flutter
  - health (12.2.1):
    - Flutter
  - home_widget (0.0.1):
    - Flutter
  - image_cropper (0.0.4):
    - Flutter
    - TOCropViewController (~> 2.7.4)
  - large_file_handler (0.0.1):
    - Flutter
  - libwebp (1.5.0):
    - libwebp/demux (= 1.5.0)
    - libwebp/mux (= 1.5.0)
    - libwebp/sharpyuv (= 1.5.0)
    - libwebp/webp (= 1.5.0)
  - libwebp/demux (1.5.0):
    - libwebp/webp
  - libwebp/mux (1.5.0):
    - libwebp/demux
  - libwebp/sharpyuv (1.5.0)
  - libwebp/webp (1.5.0):
    - libwebp/sharpyuv
  - Mantle (2.2.0):
    - Mantle/extobjc (= 2.2.0)
  - Mantle/extobjc (2.2.0)
  - permission_handler_apple (9.3.0):
    - Flutter
  - PostHog (3.57.3)
  - posthog_flutter (0.0.1):
    - Flutter
    - FlutterMacOS
    - PostHog (~> 3.22)
  - Protobuf (3.29.6)
  - purchases_flutter (8.11.0):
    - Flutter
    - PurchasesHybridCommon (= 14.3.0)
  - PurchasesHybridCommon (14.3.0):
    - RevenueCat (= 5.32.0)
  - reactive_ble_mobile (0.0.1):
    - Flutter
    - FlutterMacOS
    - Protobuf (~> 3.5)
    - SwiftProtobuf (~> 1.0)
  - receive_sharing_intent (1.8.1):
    - Flutter
  - RevenueCat (5.32.0)
  - SDWebImage (5.21.7):
    - SDWebImage/Core (= 5.21.7)
  - SDWebImage/Core (5.21.7)
  - SDWebImageWebPCoder (0.15.0):
    - libwebp (~> 1.0)
    - SDWebImage/Core (~> 5.17)
  - sign_in_with_apple (0.0.1):
    - Flutter
  - SQLCipher (4.10.0):
    - SQLCipher/standard (= 4.10.0)
  - SQLCipher/common (4.10.0)
  - SQLCipher/standard (4.10.0):
    - SQLCipher/common
  - sqlcipher_flutter_libs (0.0.1):
    - Flutter
    - SQLCipher (~> 4.10.0)
  - SwiftProtobuf (1.37.0)
  - system_info_plus (0.0.1):
    - Flutter
  - TOCropViewController (2.7.4)
  - vibration (1.7.5):
    - Flutter
  - video_compress (0.3.0):
    - Flutter
  - video_thumbnail (0.0.1):
    - Flutter
    - libwebp
  - workmanager_apple (0.0.1):
    - Flutter

DEPENDENCIES:
  - device_info_plus (from `.symlinks/plugins/device_info_plus/ios`)
  - file_saver (from `.symlinks/plugins/file_saver/ios`)
  - Flutter (from `Flutter`)
  - flutter_image_compress_common (from `.symlinks/plugins/flutter_image_compress_common/ios`)
  - flutter_local_notifications (from `.symlinks/plugins/flutter_local_notifications/ios`)
  - flutter_quick_video_encoder (from `.symlinks/plugins/flutter_quick_video_encoder/ios`)
  - flutter_tts (from `.symlinks/plugins/flutter_tts/ios`)
  - health (from `.symlinks/plugins/health/ios`)
  - home_widget (from `.symlinks/plugins/home_widget/ios`)
  - image_cropper (from `.symlinks/plugins/image_cropper/ios`)
  - large_file_handler (from `.symlinks/plugins/large_file_handler/ios`)
  - permission_handler_apple (from `.symlinks/plugins/permission_handler_apple/ios`)
  - posthog_flutter (from `.symlinks/plugins/posthog_flutter/ios`)
  - purchases_flutter (from `.symlinks/plugins/purchases_flutter/ios`)
  - reactive_ble_mobile (from `.symlinks/plugins/reactive_ble_mobile/darwin`)
  - receive_sharing_intent (from `.symlinks/plugins/receive_sharing_intent/ios`)
  - sign_in_with_apple (from `.symlinks/plugins/sign_in_with_apple/ios`)
  - sqlcipher_flutter_libs (from `.symlinks/plugins/sqlcipher_flutter_libs/ios`)
  - system_info_plus (from `.symlinks/plugins/system_info_plus/ios`)
  - vibration (from `.symlinks/plugins/vibration/ios`)
  - video_compress (from `.symlinks/plugins/video_compress/ios`)
  - video_thumbnail (from `.symlinks/plugins/video_thumbnail/ios`)
  - workmanager_apple (from `.symlinks/plugins/workmanager_apple/ios`)

SPEC REPOS:
  trunk:
    - libwebp
    - Mantle
    - PostHog
    - Protobuf
    - PurchasesHybridCommon
    - RevenueCat
    - SDWebImage
    - SDWebImageWebPCoder
    - SQLCipher
    - SwiftProtobuf
    - TOCropViewController

EXTERNAL SOURCES:
  device_info_plus:
    :path: ".symlinks/plugins/device_info_plus/ios"
  file_saver:
    :path: ".symlinks/plugins/file_saver/ios"
  Flutter:
    :path: Flutter
  flutter_image_compress_common:
    :path: ".symlinks/plugins/flutter_image_compress_common/ios"
  flutter_local_notifications:
    :path: ".symlinks/plugins/flutter_local_notifications/ios"
  flutter_quick_video_encoder:
    :path: ".symlinks/plugins/flutter_quick_video_encoder/ios"
  flutter_tts:
    :path: ".symlinks/plugins/flutter_tts/ios"
  health:
    :path: ".symlinks/plugins/health/ios"
  home_widget:
    :path: ".symlinks/plugins/home_widget/ios"
  image_cropper:
    :path: ".symlinks/plugins/image_cropper/ios"
  large_file_handler:
    :path: ".symlinks/plugins/large_file_handler/ios"
  permission_handler_apple:
    :path: ".symlinks/plugins/permission_handler_apple/ios"
  posthog_flutter:
    :path: ".symlinks/plugins/posthog_flutter/ios"
  purchases_flutter:
    :path: ".symlinks/plugins/purchases_flutter/ios"
  reactive_ble_mobile:
    :path: ".symlinks/plugins/reactive_ble_mobile/darwin"
  receive_sharing_intent:
    :path: ".symlinks/plugins/receive_sharing_intent/ios"
  sign_in_with_apple:
    :path: ".symlinks/plugins/sign_in_with_apple/ios"
  sqlcipher_flutter_libs:
    :path: ".symlinks/plugins/sqlcipher_flutter_libs/ios"
  system_info_plus:
    :path: ".symlinks/plugins/system_info_plus/ios"
  vibration:
    :path: ".symlinks/plugins/vibration/ios"
  video_compress:
    :path: ".symlinks/plugins/video_compress/ios"
  video_thumbnail:
    :path: ".symlinks/plugins/video_thumbnail/ios"
  workmanager_apple:
    :path: ".symlinks/plugins/workmanager_apple/ios"

SPEC CHECKSUMS:
  device_info_plus: 71ffc6ab7634ade6267c7a93088ed7e4f74e5896
  file_saver: 6cdbcddd690cb02b0c1a0c225b37cd805c2bf8b6
  Flutter: cabc95a1d2626b1b06e7179b784ebcf0c0cde467
  flutter_image_compress_common: 1697a328fd72bfb335507c6bca1a65fa5ad87df1
  flutter_local_notifications: 395056b3175ba4f08480a7c5de30cd36d69827e4
  flutter_quick_video_encoder: c012b1523f40093feeffa90cebfe71b32b7b6d25
  flutter_tts: 35ac3c7d42412733e795ea96ad2d7e05d0a75113
  health: fe206e65f13a9b88623605fbd8af8f029e23dc35
  home_widget: f169fc41fd807b4d46ab6615dc44d62adbf9f64f
  image_cropper: 5f162dcf988100dc1513f9c6b7eb42cd6fbf9156
  large_file_handler: b37481e9b4972562ffcdc8f75700f47cd592bcec
  libwebp: 02b23773aedb6ff1fd38cec7a77b81414c6842a8
  Mantle: c5aa8794a29a022dfbbfc9799af95f477a69b62d
  permission_handler_apple: 4ed2196e43d0651e8ff7ca3483a069d469701f2d
  PostHog: c33925273e18b9c6bf3b33401416b08fa3db578e
  posthog_flutter: 631ab870f7daf1ed190deeb2414eb3e347445f37
  Protobuf: 8d5596f7468be5400861a6bbfb2dfe9d0d1cde34
  purchases_flutter: 3570127ba41583a75e553d68a763367007830eff
  PurchasesHybridCommon: 7f0944cc5411bdcd1ea5d69affa6a6f9aaf87b13
  reactive_ble_mobile: ea97709e18fa6f0b0592909725d7ae7e1c595b64
  receive_sharing_intent: 222384f00ffe7e952bbfabaa9e3967cb87e5fe00
  RevenueCat: 7e1d0768fb287c9983173c9b28e39ccbeeb828a9
  SDWebImage: e9fc87c1aab89a8ab1bbd74eba378c6f53be8abf
  SDWebImageWebPCoder: 0e06e365080397465cc73a7a9b472d8a3bd0f377
  sign_in_with_apple: c5dcc141574c8c54d5ac99dd2163c0c72ad22418
  SQLCipher: eb79c64049cb002b4e9fcb30edb7979bf4706dfc
  sqlcipher_flutter_libs: ae224763b087bffb3a5955fe295a1c460d458cb1
  SwiftProtobuf: 3fafd1b2fb97e6d95ad9c8adb2215da9afec7c83
  system_info_plus: 555ce7047fbbf29154726db942ae785c29211740
  TOCropViewController: 80b8985ad794298fb69d3341de183f33d1853654
  vibration: 8e2f50fc35bb736f9eecb7dd9f7047fbb6a6e888
  video_compress: f2133a07762889d67f0711ac831faa26f956980e
  video_thumbnail: b637e0ad5f588ca9945f6e2c927f73a69a661140
  workmanager_apple: 904529ae31e97fc5be632cf628507652294a0778

PODFILE CHECKSUM: ec5e0b22521ba002b4ea3ae3918bcd35f4f328f5

COCOAPODS: 1.16.2
